
Microsoft Visual Studio Solution File, Format Version 12.00
# Visual Studio Version 16
VisualStudioVersion = 16.0.31025.194
MinimumVisualStudioVersion = 10.0.40219.1
Project("{FAE04EC0-301F-11D3-BF4B-00C04F79EFBC}") = "YouTubeConverter", "YouTubeConverter\YouTubeConverter.csproj", "{C77D4AA4-6BAD-443E-8BEC-2BE4D7068F96}"
EndProject
Global
	GlobalSection(SolutionConfigurationPlatforms) = preSolution
		Debug|Any CPU = Debug|Any CPU
		Release|Any CPU = Release|Any CPU
	EndGlobalSection
	GlobalSection(ProjectConfigurationPlatforms) = postSolution
		{C77D4AA4-6BAD-443E-8BEC-2BE4D7068F96}.Debug|Any CPU.ActiveCfg = Debug|Any CPU
		{C77D4AA4-6BAD-443E-8BEC-2BE4D7068F96}.Debug|Any CPU.Build.0 = Debug|Any CPU
		{C77D4AA4-6BAD-443E-8BEC-2BE4D7068F96}.Release|Any CPU.ActiveCfg = Release|Any CPU
		{C77D4AA4-6BAD-443E-8BEC-2BE4D7068F96}.Release|Any CPU.Build.0 = Release|Any CPU
	EndGlobalSection
	GlobalSection(SolutionProperties) = preSolution
		HideSolutionNode = FALSE
	EndGlobalSection
	GlobalSection(ExtensibilityGlobals) = postSolution
		SolutionGuid = {6C3700F3-732B-46FC-9F0E-79D5ED481FAE}
	EndGlobalSection
EndGlobal
